
Microsoft Visual Studio Solution File, Format Version 12.00
# Visual Studio 14
VisualStudioVersion = 14.0.25420.1
MinimumVisualStudioVersion = 10.0.40219.1
Project("{FAE04EC0-301F-11D3-BF4B-00C04F79EFBC}") = "ClassLibrary1", "ClassLibrary1\ClassLibrary1.csproj", "{E6975DFE-3368-4DCF-8353-10CBF7E8DE43}"
EndProject
Project("{FAE04EC0-301F-11D3-BF4B-00C04F79EFBC}") = "UnitTestProject1", "UnitTestProject1\UnitTestProject1.csproj", "{43A34657-CCA4-426F-B56C-B6F19C434276}"
EndProject
Project("{FAE04EC0-301F-11D3-BF4B-00C04F79EFBC}") = "WPFClient", "..\..\..\..\..\..\Wrkfldr\LaboBD1\WPFClient\WPFClient.csproj", "{8A3822D2-71BB-488C-BBFA-C9C75E77F668}"
EndProject
Global
	GlobalSection(SolutionConfigurationPlatforms) = preSolution
		Debug|Any CPU = Debug|Any CPU
		Release|Any CPU = Release|Any CPU
	EndGlobalSection
	GlobalSection(ProjectConfigurationPlatforms) = postSolution
		{E6975DFE-3368-4DCF-8353-10CBF7E8DE43}.Debug|Any CPU.ActiveCfg = Debug|Any CPU
		{E6975DFE-3368-4DCF-8353-10CBF7E8DE43}.Debug|Any CPU.Build.0 = Debug|Any CPU
		{E6975DFE-3368-4DCF-8353-10CBF7E8DE43}.Release|Any CPU.ActiveCfg = Release|Any CPU
		{E6975DFE-3368-4DCF-8353-10CBF7E8DE43}.Release|Any CPU.Build.0 = Release|Any CPU
		{43A34657-CCA4-426F-B56C-B6F19C434276}.Debug|Any CPU.ActiveCfg = Debug|Any CPU
		{43A34657-CCA4-426F-B56C-B6F19C434276}.Debug|Any CPU.Build.0 = Debug|Any CPU
		{43A34657-CCA4-426F-B56C-B6F19C434276}.Release|Any CPU.ActiveCfg = Release|Any CPU
		{43A34657-CCA4-426F-B56C-B6F19C434276}.Release|Any CPU.Build.0 = Release|Any CPU
		{8A3822D2-71BB-488C-BBFA-C9C75E77F668}.Debug|Any CPU.ActiveCfg = Debug|Any CPU
		{8A3822D2-71BB-488C-BBFA-C9C75E77F668}.Debug|Any CPU.Build.0 = Debug|Any CPU
		{8A3822D2-71BB-488C-BBFA-C9C75E77F668}.Release|Any CPU.ActiveCfg = Release|Any CPU
		{8A3822D2-71BB-488C-BBFA-C9C75E77F668}.Release|Any CPU.Build.0 = Release|Any CPU
	EndGlobalSection
	GlobalSection(SolutionProperties) = preSolution
		HideSolutionNode = FALSE
	EndGlobalSection
EndGlobal
